// !$*UTF8*$!
{
	archiveVersion = 1;
	classes = {
	};
	objectVersion = 46;
	objects = {

/* Begin PBXBuildFile section */
		CA2A137B1D37E3F00042BBC8 /* AppDelegate.swift in Sources */ = {isa = PBXBuildFile; fileRef = CA2A137A1D37E3F00042BBC8 /* AppDelegate.swift */; };
		CA2A137D1D37E3F00042BBC8 /* ViewController.swift in Sources */ = {isa = PBXBuildFile; fileRef = CA2A137C1D37E3F00042BBC8 /* ViewController.swift */; };
		CA2A13801D37E3F00042BBC8 /* Main.storyboard in Resources */ = {isa = PBXBuildFile; fileRef = CA2A137E1D37E3F00042BBC8 /* Main.storyboard */; };
		CA2A13821D37E3F00042BBC8 /* Assets.xcassets in Resources */ = {isa = PBXBuildFile; fileRef = CA2A13811D37E3F00042BBC8 /* Assets.xcassets */; };
		CA2A13851D37E3F00042BBC8 /* LaunchScreen.storyboard in Resources */ = {isa = PBXBuildFile; fileRef = CA2A13831D37E3F00042BBC8 /* LaunchScreen.storyboard */; };
		CA2A13901D37E3F00042BBC8 /* InterwareFacebookTests.swift in Sources */ = {isa = PBXBuildFile; fileRef = CA2A138F1D37E3F00042BBC8 /* InterwareFacebookTests.swift */; };
		CA2A139B1D37E3F00042BBC8 /* InterwareFacebookUITests.swift in Sources */ = {isa = PBXBuildFile; fileRef = CA2A139A1D37E3F00042BBC8 /* InterwareFacebookUITests.swift */; };
/* End PBXBuildFile section */

/* Begin PBXContainerItemProxy section */
		CA2A138C1D37E3F00042BBC8 /* PBXContainerItemProxy */ = {
			isa = PBXContainerItemProxy;
			containerPortal = CA2A136F1D37E3F00042BBC8 /* Project object */;
			proxyType = 1;
			remoteGlobalIDString = CA2A13761D37E3F00042BBC8;
			remoteInfo = InterwareFacebook;
		};
		CA2A13971D37E3F00042BBC8 /* PBXContainerItemProxy */ = {
			isa = PBXContainerItemProxy;
			containerPortal = CA2A136F1D37E3F00042BBC8 /* Project object */;
			proxyType = 1;
			remoteGlobalIDString = CA2A13761D37E3F00042BBC8;
			remoteInfo = InterwareFacebook;
		};
/* End PBXContainerItemProxy section */

/* Begin PBXFileReference section */
		CA2A13771D37E3F00042BBC8 /* InterwareFacebook.app */ = {isa = PBXFileReference; explicitFileType = wrapper.application; includeInIndex = 0; path = InterwareFacebook.app; sourceTree = BUILT_PRODUCTS_DIR; };
		CA2A137A1D37E3F00042BBC8 /* AppDelegate.swift */ = {isa = PBXFileReference; lastKnownFileType = sourcecode.swift; path = AppDelegate.swift; sourceTree = "<group>"; };
		CA2A137C1D37E3F00042BBC8 /* ViewController.swift */ = {isa = PBXFileReference; lastKnownFileType = sourcecode.swift; path = ViewController.swift; sourceTree = "<group>"; };
		CA2A137F1D37E3F00042BBC8 /* Base */ = {isa = PBXFileReference; lastKnownFileType = file.storyboard; name = Base; path = Base.lproj/Main.storyboard; sourceTree = "<group>"; };
		CA2A13811D37E3F00042BBC8 /* Assets.xcassets */ = {isa = PBXFileReference; lastKnownFileType = folder.assetcatalog; path = Assets.xcassets; sourceTree = "<group>"; };
		CA2A13841D37E3F00042BBC8 /* Base */ = {isa = PBXFileReference; lastKnownFileType = file.storyboard; name = Base; path = Base.lproj/LaunchScreen.storyboard; sourceTree = "<group>"; };
		CA2A13861D37E3F00042BBC8 /* Info.plist */ = {isa = PBXFileReference; lastKnownFileType = text.plist.xml; path = Info.plist; sourceTree = "<group>"; };
		CA2A138B1D37E3F00042BBC8 /* InterwareFacebookTests.xctest */ = {isa = PBXFileReference; explicitFileType = wrapper.cfbundle; includeInIndex = 0; path = InterwareFacebookTests.xctest; sourceTree = BUILT_PRODUCTS_DIR; };
		CA2A138F1D37E3F00042BBC8 /* InterwareFacebookTests.swift */ = {isa = PBXFileReference; lastKnownFileType = sourcecode.swift; path = InterwareFacebookTests.swift; sourceTree = "<group>"; };
		CA2A13911D37E3F00042BBC8 /* Info.plist */ = {isa = PBXFileReference; lastKnownFileType = text.plist.xml; path = Info.plist; sourceTree = "<group>"; };
		CA2A13961D37E3F00042BBC8 /* InterwareFacebookUITests.xctest */ = {isa = PBXFileReference; explicitFileType = wrapper.cfbundle; includeInIndex = 0; path = InterwareFacebookUITests.xctest; sourceTree = BUILT_PRODUCTS_DIR; };
		CA2A139A1D37E3F00042BBC8 /* InterwareFacebookUITests.swift */ = {isa = PBXFileReference; lastKnownFileType = sourcecode.swift; path = InterwareFacebookUITests.swift; sourceTree = "<group>"; };
		CA2A139C1D37E3F00042BBC8 /* Info.plist */ = {isa = PBXFileReference; lastKnownFileType = text.plist.xml; path = Info.plist; sourceTree = "<group>"; };
/* End PBXFileReference section */

/* Begin PBXFrameworksBuildPhase section */
		CA2A13741D37E3F00042BBC8 /* Frameworks */ = {
			isa = PBXFrameworksBuildPhase;
			buildActionMask = 2147483647;
			files = (
			);
			runOnlyForDeploymentPostprocessing = 0;
		};
		CA2A13881D37E3F00042BBC8 /* Frameworks */ = {
			isa = PBXFrameworksBuildPhase;
			buildActionMask = 2147483647;
			files = (
			);
			runOnlyForDeploymentPostprocessing = 0;
		};
		CA2A13931D37E3F00042BBC8 /* Frameworks */ = {
			isa = PBXFrameworksBuildPhase;
			buildActionMask = 2147483647;
			files = (
			);
			runOnlyForDeploymentPostprocessing = 0;
		};
/* End PBXFrameworksBuildPhase section */

/* Begin PBXGroup section */
		CA2A136E1D37E3F00042BBC8 = {
			isa = PBXGroup;
			children = (
				CA2A13791D37E3F00042BBC8 /* InterwareFacebook */,
				CA2A138E1D37E3F00042BBC8 /* InterwareFacebookTests */,
				CA2A13991D37E3F00042BBC8 /* InterwareFacebookUITests */,
				CA2A13781D37E3F00042BBC8 /* Products */,
			);
			sourceTree = "<group>";
		};
		CA2A13781D37E3F00042BBC8 /* Products */ = {
			isa = PBXGroup;
			children = (
				CA2A13771D37E3F00042BBC8 /* InterwareFacebook.app */,
				CA2A138B1D37E3F00042BBC8 /* InterwareFacebookTests.xctest */,
				CA2A13961D37E3F00042BBC8 /* InterwareFacebookUITests.xctest */,
			);
			name = Products;
			sourceTree = "<group>";
		};
		CA2A13791D37E3F00042BBC8 /* InterwareFacebook */ = {
			isa = PBXGroup;
			children = (
				CA2A137A1D37E3F00042BBC8 /* AppDelegate.swift */,
				CA2A137C1D37E3F00042BBC8 /* ViewController.swift */,
				CA2A137E1D37E3F00042BBC8 /* Main.storyboard */,
				CA2A13811D37E3F00042BBC8 /* Assets.xcassets */,
				CA2A13831D37E3F00042BBC8 /* LaunchScreen.storyboard */,
				CA2A13861D37E3F00042BBC8 /* Info.plist */,
			);
			path = InterwareFacebook;
			sourceTree = "<group>";
		};
		CA2A138E1D37E3F00042BBC8 /* InterwareFacebookTests */ = {
			isa = PBXGroup;
			children = (
				CA2A138F1D37E3F00042BBC8 /* InterwareFacebookTests.swift */,
				CA2A13911D37E3F00042BBC8 /* Info.plist */,
			);
			path = InterwareFacebookTests;
			sourceTree = "<group>";
		};
		CA2A13991D37E3F00042BBC8 /* InterwareFacebookUITests */ = {
			isa = PBXGroup;
			children = (
				CA2A139A1D37E3F00042BBC8 /* InterwareFacebookUITests.swift */,
				CA2A139C1D37E3F00042BBC8 /* Info.plist */,
			);
			path = InterwareFacebookUITests;
			sourceTree = "<group>";
		};
/* End PBXGroup section */

/* Begin PBXNativeTarget section */
		CA2A13761D37E3F00042BBC8 /* InterwareFacebook */ = {
			isa = PBXNativeTarget;
			buildConfigurationList = CA2A139F1D37E3F00042BBC8 /* Build configuration list for PBXNativeTarget "InterwareFacebook" */;
			buildPhases = (
				CA2A13731D37E3F00042BBC8 /* Sources */,
				CA2A13741D37E3F00042BBC8 /* Frameworks */,
				CA2A13751D37E3F00042BBC8 /* Resources */,
			);
			buildRules = (
			);
			dependencies = (
			);
			name = InterwareFacebook;
			productName = InterwareFacebook;
			productReference = CA2A13771D37E3F00042BBC8 /* InterwareFacebook.app */;
			productType = "com.apple.product-type.application";
		};
		CA2A138A1D37E3F00042BBC8 /* InterwareFacebookTests */ = {
			isa = PBXNativeTarget;
			buildConfigurationList = CA2A13A21D37E3F00042BBC8 /* Build configuration list for PBXNativeTarget "InterwareFacebookTests" */;
			buildPhases = (
				CA2A13871D37E3F00042BBC8 /* Sources */,
				CA2A13881D37E3F00042BBC8 /* Frameworks */,
				CA2A13891D37E3F00042BBC8 /* Resources */,
			);
			buildRules = (
			);
			dependencies = (
				CA2A138D1D37E3F00042BBC8 /* PBXTargetDependency */,
			);
			name = InterwareFacebookTests;
			productName = InterwareFacebookTests;
			productReference = CA2A138B1D37E3F00042BBC8 /* InterwareFacebookTests.xctest */;
			productType = "com.apple.product-type.bundle.unit-test";
		};
		CA2A13951D37E3F00042BBC8 /* InterwareFacebookUITests */ = {
			isa = PBXNativeTarget;
			buildConfigurationList = CA2A13A51D37E3F00042BBC8 /* Build configuration list for PBXNativeTarget "InterwareFacebookUITests" */;
			buildPhases = (
				CA2A13921D37E3F00042BBC8 /* Sources */,
				CA2A13931D37E3F00042BBC8 /* Frameworks */,
				CA2A13941D37E3F00042BBC8 /* Resources */,
			);
			buildRules = (
			);
			dependencies = (
				CA2A13981D37E3F00042BBC8 /* PBXTargetDependency */,
			);
			name = InterwareFacebookUITests;
			productName = InterwareFacebookUITests;
			productReference = CA2A13961D37E3F00042BBC8 /* InterwareFacebookUITests.xctest */;
			productType = "com.apple.product-type.bundle.ui-testing";
		};
/* End PBXNativeTarget section */

/* Begin PBXProject section */
		CA2A136F1D37E3F00042BBC8 /* Project object */ = {
			isa = PBXProject;
			attributes = {
				LastSwiftUpdateCheck = 0730;
				LastUpgradeCheck = 0730;
				ORGANIZATIONNAME = "Pablo Sedano";
				TargetAttributes = {
					CA2A13761D37E3F00042BBC8 = {
						CreatedOnToolsVersion = 7.3.1;
					};
					CA2A138A1D37E3F00042BBC8 = {
						CreatedOnToolsVersion = 7.3.1;
						TestTargetID = CA2A13761D37E3F00042BBC8;
					};
					CA2A13951D37E3F00042BBC8 = {
						CreatedOnToolsVersion = 7.3.1;
						TestTargetID = CA2A13761D37E3F00042BBC8;
					};
				};
			};
			buildConfigurationList = CA2A13721D37E3F00042BBC8 /* Build configuration list for PBXProject "InterwareFacebook" */;
			compatibilityVersion = "Xcode 3.2";
			developmentRegion = English;
			hasScannedForEncodings = 0;
			knownRegions = (
				en,
				Base,
			);
			mainGroup = CA2A136E1D37E3F00042BBC8;
			productRefGroup = CA2A13781D37E3F00042BBC8 /* Products */;
			projectDirPath = "";
			projectRoot = "";
			targets = (
				CA2A13761D37E3F00042BBC8 /* InterwareFacebook */,
				CA2A138A1D37E3F00042BBC8 /* InterwareFacebookTests */,
				CA2A13951D37E3F00042BBC8 /* InterwareFacebookUITests */,
			);
		};
/* End PBXProject section */

/* Begin PBXResourcesBuildPhase section */
		CA2A13751D37E3F00042BBC8 /* Resources */ = {
			isa = PBXResourcesBuildPhase;
			buildActionMask = 2147483647;
			files = (
				CA2A13851D37E3F00042BBC8 /* LaunchScreen.storyboard in Resources */,
				CA2A13821D37E3F00042BBC8 /* Assets.xcassets in Resources */,
				CA2A13801D37E3F00042BBC8 /* Main.storyboard in Resources */,
			);
			runOnlyForDeploymentPostprocessing = 0;
		};
		CA2A13891D37E3F00042BBC8 /* Resources */ = {
			isa = PBXResourcesBuildPhase;
			buildActionMask = 2147483647;
			files = (
			);
			runOnlyForDeploymentPostprocessing = 0;
		};
		CA2A13941D37E3F00042BBC8 /* Resources */ = {
			isa = PBXResourcesBuildPhase;
			buildActionMask = 2147483647;
			files = (
			);
			runOnlyForDeploymentPostprocessing = 0;
		};
/* End PBXResourcesBuildPhase section */

/* Begin PBXSourcesBuildPhase section */
		CA2A13731D37E3F00042BBC8 /* Sources */ = {
			isa = PBXSourcesBuildPhase;
			buildActionMask = 2147483647;
			files = (
				CA2A137D1D37E3F00042BBC8 /* ViewController.swift in Sources */,
				CA2A137B1D37E3F00042BBC8 /* AppDelegate.swift in Sources */,
			);
			runOnlyForDeploymentPostprocessing = 0;
		};
		CA2A13871D37E3F00042BBC8 /* Sources */ = {
			isa = PBXSourcesBuildPhase;
			buildActionMask = 2147483647;
			files = (
				CA2A13901D37E3F00042BBC8 /* InterwareFacebookTests.swift in Sources */,
			);
			runOnlyForDeploymentPostprocessing = 0;
		};
		CA2A13921D37E3F00042BBC8 /* Sources */ = {
			isa = PBXSourcesBuildPhase;
			buildActionMask = 2147483647;
			files = (
				CA2A139B1D37E3F00042BBC8 /* InterwareFacebookUITests.swift in Sources */,
			);
			runOnlyForDeploymentPostprocessing = 0;
		};
/* End PBXSourcesBuildPhase section */

/* Begin PBXTargetDependency section */
		CA2A138D1D37E3F00042BBC8 /* PBXTargetDependency */ = {
			isa = PBXTargetDependency;
			target = CA2A13761D37E3F00042BBC8 /* InterwareFacebook */;
			targetProxy = CA2A138C1D37E3F00042BBC8 /* PBXContainerItemProxy */;
		};
		CA2A13981D37E3F00042BBC8 /* PBXTargetDependency */ = {
			isa = PBXTargetDependency;
			target = CA2A13761D37E3F00042BBC8 /* InterwareFacebook */;
			targetProxy = CA2A13971D37E3F00042BBC8 /* PBXContainerItemProxy */;
		};
/* End PBXTargetDependency section */

/* Begin PBXVariantGroup section */
		CA2A137E1D37E3F00042BBC8 /* Main.storyboard */ = {
			isa = PBXVariantGroup;
			children = (
				CA2A137F1D37E3F00042BBC8 /* Base */,
			);
			name = Main.storyboard;
			sourceTree = "<group>";
		};
		CA2A13831D37E3F00042BBC8 /* LaunchScreen.storyboard */ = {
			isa = PBXVariantGroup;
			children = (
				CA2A13841D37E3F00042BBC8 /* Base */,
			);
			name = LaunchScreen.storyboard;
			sourceTree = "<group>";
		};
/* End PBXVariantGroup section */

/* Begin XCBuildConfiguration section */
		CA2A139D1D37E3F00042BBC8 /* Debug */ = {
			isa = XCBuildConfiguration;
			buildSettings = {
				ALWAYS_SEARCH_USER_PATHS = NO;
				CLANG_ANALYZER_NONNULL = YES;
				CLANG_CXX_LANGUAGE_STANDARD = "gnu++0x";
				CLANG_CXX_LIBRARY = "libc++";
				CLANG_ENABLE_MODULES = YES;
				CLANG_ENABLE_OBJC_ARC = YES;
				CLANG_WARN_BOOL_CONVERSION = YES;
				CLANG_WARN_CONSTANT_CONVERSION = YES;
				CLANG_WARN_DIRECT_OBJC_ISA_USAGE = YES_ERROR;
				CLANG_WARN_EMPTY_BODY = YES;
				CLANG_WARN_ENUM_CONVERSION = YES;
				CLANG_WARN_INT_CONVERSION = YES;
				CLANG_WARN_OBJC_ROOT_CLASS = YES_ERROR;
				CLANG_WARN_UNREACHABLE_CODE = YES;
				CLANG_WARN__DUPLICATE_METHOD_MATCH = YES;
				"CODE_SIGN_IDENTITY[sdk=iphoneos*]" = "iPhone Developer";
				COPY_PHASE_STRIP = NO;
				DEBUG_INFORMATION_FORMAT = dwarf;
				ENABLE_STRICT_OBJC_MSGSEND = YES;
				ENABLE_TESTABILITY = YES;
				GCC_C_LANGUAGE_STANDARD = gnu99;
				GCC_DYNAMIC_NO_PIC = NO;
				GCC_NO_COMMON_BLOCKS = YES;
				GCC_OPTIMIZATION_LEVEL = 0;
				GCC_PREPROCESSOR_DEFINITIONS = (
					"DEBUG=1",
					"$(inherited)",
				);
				GCC_WARN_64_TO_32_BIT_CONVERSION = YES;
				GCC_WARN_ABOUT_RETURN_TYPE = YES_ERROR;
				GCC_WARN_UNDECLARED_SELECTOR = YES;
				GCC_WARN_UNINITIALIZED_AUTOS = YES_AGGRESSIVE;
				GCC_WARN_UNUSED_FUNCTION = YES;
				GCC_WARN_UNUSED_VARIABLE = YES;
				IPHONEOS_DEPLOYMENT_TARGET = 9.3;
				MTL_ENABLE_DEBUG_INFO = YES;
				ONLY_ACTIVE_ARCH = YES;
				SDKROOT = iphoneos;
				SWIFT_OPTIMIZATION_LEVEL = "-Onone";
				TARGETED_DEVICE_FAMILY = "1,2";
			};
			name = Debug;
		};
		CA2A139E1D37E3F00042BBC8 /* Release */ = {
			isa = XCBuildConfiguration;
			buildSettings = {
				ALWAYS_SEARCH_USER_PATHS = NO;
				CLANG_ANALYZER_NONNULL = YES;
				CLANG_CXX_LANGUAGE_STANDARD = "gnu++0x";
				CLANG_CXX_LIBRARY = "libc++";
				CLANG_ENABLE_MODULES = YES;
				CLANG_ENABLE_OBJC_ARC = YES;
				CLANG_WARN_BOOL_CONVERSION = YES;
				CLANG_WARN_CONSTANT_CONVERSION = YES;
				CLANG_WARN_DIRECT_OBJC_ISA_USAGE = YES_ERROR;
				CLANG_WARN_EMPTY_BODY = YES;
				CLANG_WARN_ENUM_CONVERSION = YES;
				CLANG_WARN_INT_CONVERSION = YES;
				CLANG_WARN_OBJC_ROOT_CLASS = YES_ERROR;
				CLANG_WARN_UNREACHABLE_CODE = YES;
				CLANG_WARN__DUPLICATE_METHOD_MATCH = YES;
				"CODE_SIGN_IDENTITY[sdk=iphoneos*]" = "iPhone Developer";
				COPY_PHASE_STRIP = NO;
				DEBUG_INFORMATION_FORMAT = "dwarf-with-dsym";
				ENABLE_NS_ASSERTIONS = NO;
				ENABLE_STRICT_OBJC_MSGSEND = YES;
				GCC_C_LANGUAGE_STANDARD = gnu99;
				GCC_NO_COMMON_BLOCKS = YES;
				GCC_WARN_64_TO_32_BIT_CONVERSION = YES;
				GCC_WARN_ABOUT_RETURN_TYPE = YES_ERROR;
				GCC_WARN_UNDECLARED_SELECTOR = YES;
				GCC_WARN_UNINITIALIZED_AUTOS = YES_AGGRESSIVE;
				GCC_WARN_UNUSED_FUNCTION = YES;
				GCC_WARN_UNUSED_VARIABLE = YES;
				IPHONEOS_DEPLOYMENT_TARGET = 9.3;
				MTL_ENABLE_DEBUG_INFO = NO;
				SDKROOT = iphoneos;
				TARGETED_DEVICE_FAMILY = "1,2";
				VALIDATE_PRODUCT = YES;
			};
			name = Release;
		};
		CA2A13A01D37E3F00042BBC8 /* Debug */ = {
			isa = XCBuildConfiguration;
			buildSettings = {
				ASSETCATALOG_COMPILER_APPICON_NAME = AppIcon;
				INFOPLIST_FILE = InterwareFacebook/Info.plist;
				LD_RUNPATH_SEARCH_PATHS = "$(inherited) @executable_path/Frameworks";
				PRODUCT_BUNDLE_IDENTIFIER = MGI.InterwareFacebook;
				PRODUCT_NAME = "$(TARGET_NAME)";
			};
			name = Debug;
		};
		CA2A13A11D37E3F00042BBC8 /* Release */ = {
			isa = XCBuildConfiguration;
			buildSettings = {
				ASSETCATALOG_COMPILER_APPICON_NAME = AppIcon;
				INFOPLIST_FILE = InterwareFacebook/Info.plist;
				LD_RUNPATH_SEARCH_PATHS = "$(inherited) @executable_path/Frameworks";
				PRODUCT_BUNDLE_IDENTIFIER = MGI.InterwareFacebook;
				PRODUCT_NAME = "$(TARGET_NAME)";
			};
			name = Release;
		};
		CA2A13A31D37E3F00042BBC8 /* Debug */ = {
			isa = XCBuildConfiguration;
			buildSettings = {
				BUNDLE_LOADER = "$(TEST_HOST)";
				INFOPLIST_FILE = InterwareFacebookTests/Info.plist;
				LD_RUNPATH_SEARCH_PATHS = "$(inherited) @executable_path/Frameworks @loader_path/Frameworks";
				PRODUCT_BUNDLE_IDENTIFIER = MGI.InterwareFacebookTests;
				PRODUCT_NAME = "$(TARGET_NAME)";
				TEST_HOST = "$(BUILT_PRODUCTS_DIR)/InterwareFacebook.app/InterwareFacebook";
			};
			name = Debug;
		};
		CA2A13A41D37E3F00042BBC8 /* Release */ = {
			isa = XCBuildConfiguration;
			buildSettings = {
				BUNDLE_LOADER = "$(TEST_HOST)";
				INFOPLIST_FILE = InterwareFacebookTests/Info.plist;
				LD_RUNPATH_SEARCH_PATHS = "$(inherited) @executable_path/Frameworks @loader_path/Frameworks";
				PRODUCT_BUNDLE_IDENTIFIER = MGI.InterwareFacebookTests;
				PRODUCT_NAME = "$(TARGET_NAME)";
				TEST_HOST = "$(BUILT_PRODUCTS_DIR)/InterwareFacebook.app/InterwareFacebook";
			};
			name = Release;
		};
		CA2A13A61D37E3F00042BBC8 /* Debug */ = {
			isa = XCBuildConfiguration;
			buildSettings = {
				INFOPLIST_FILE = InterwareFacebookUITests/Info.plist;
				LD_RUNPATH_SEARCH_PATHS = "$(inherited) @executable_path/Frameworks @loader_path/Frameworks";
				PRODUCT_BUNDLE_IDENTIFIER = MGI.InterwareFacebookUITests;
				PRODUCT_NAME = "$(TARGET_NAME)";
				TEST_TARGET_NAME = InterwareFacebook;
			};
			name = Debug;
		};
		CA2A13A71D37E3F00042BBC8 /* Release */ = {
			isa = XCBuildConfiguration;
			buildSettings = {
				INFOPLIST_FILE = InterwareFacebookUITests/Info.plist;
				LD_RUNPATH_SEARCH_PATHS = "$(inherited) @executable_path/Frameworks @loader_path/Frameworks";
				PRODUCT_BUNDLE_IDENTIFIER = MGI.InterwareFacebookUITests;
				PRODUCT_NAME = "$(TARGET_NAME)";
				TEST_TARGET_NAME = InterwareFacebook;
			};
			name = Release;
		};
/* End XCBuildConfiguration section */

/* Begin XCConfigurationList section */
		CA2A13721D37E3F00042BBC8 /* Build configuration list for PBXProject "InterwareFacebook" */ = {
			isa = XCConfigurationList;
			buildConfigurations = (
				CA2A139D1D37E3F00042BBC8 /* Debug */,
				CA2A139E1D37E3F00042BBC8 /* Release */,
			);
			defaultConfigurationIsVisible = 0;
			defaultConfigurationName = Release;
		};
		CA2A139F1D37E3F00042BBC8 /* Build configuration list for PBXNativeTarget "InterwareFacebook" */ = {
			isa = XCConfigurationList;
			buildConfigurations = (
				CA2A13A01D37E3F00042BBC8 /* Debug */,
				CA2A13A11D37E3F00042BBC8 /* Release */,
			);
			defaultConfigurationIsVisible = 0;
		};
		CA2A13A21D37E3F00042BBC8 /* Build configuration list for PBXNativeTarget "InterwareFacebookTests" */ = {
			isa = XCConfigurationList;
			buildConfigurations = (
				CA2A13A31D37E3F00042BBC8 /* Debug */,
				CA2A13A41D37E3F00042BBC8 /* Release */,
			);
			defaultConfigurationIsVisible = 0;
		};
		CA2A13A51D37E3F00042BBC8 /* Build configuration list for PBXNativeTarget "InterwareFacebookUITests" */ = {
			isa = XCConfigurationList;
			buildConfigurations = (
				CA2A13A61D37E3F00042BBC8 /* Debug */,
				CA2A13A71D37E3F00042BBC8 /* Release */,
			);
			defaultConfigurationIsVisible = 0;
		};
/* End XCConfigurationList section */
	};
	rootObject = CA2A136F1D37E3F00042BBC8 /* Project object */;
}
